
Microsoft Visual Studio Solution File, Format Version 12.00
Project("{FAE04EC0-301F-11D3-BF4B-00C04F79EFBC}") = "PD2StatusWinDev", "PD2StatusWinDev\PD2StatusWinDev.csproj", "{84FC4912-7AA4-410E-9C4D-BB067CF21BB5}"
EndProject
Project("{2150E333-8FDC-42A3-9474-1A3956D46DE8}") = "Common", "Common", "{E4E11952-A5BD-4F61-9E4E-FCF93C160D9A}"
EndProject
Project("{2150E333-8FDC-42A3-9474-1A3956D46DE8}") = "NovaDev", "NovaDev", "{6C7E3306-BC2D-4A06-9E69-B41D6FB2E431}"
EndProject
Project("{FAE04EC0-301F-11D3-BF4B-00C04F79EFBC}") = "Nova.Kernel", "Nova\Nova.Kernel\Nova.Kernel.csproj", "{81330770-945D-43A4-B4F7-FBB5C04EA584}"
EndProject
Project("{FAE04EC0-301F-11D3-BF4B-00C04F79EFBC}") = "Nova.Core", "Nova\Nova.Core\Nova.Core.csproj", "{92AC1A4D-178C-4F84-98BF-B3BEAF565B1B}"
EndProject
Project("{FAE04EC0-301F-11D3-BF4B-00C04F79EFBC}") = "Nova.Kernel.Purgatory", "Nova\Nova.Kernel.Purgatory\Nova.Kernel.Purgatory.csproj", "{B770EEF2-0992-498C-82C4-38981580CDC0}"
EndProject
Project("{FAE04EC0-301F-11D3-BF4B-00C04F79EFBC}") = "Nova.Core.Purgatory", "Nova\Nova.Core.Purgatory\Nova.Core.Purgatory.csproj", "{5619C87B-EB3D-437D-AB7C-FFDCE104315A}"
EndProject
Project("{FAE04EC0-301F-11D3-BF4B-00C04F79EFBC}") = "Nova.Wpf", "Nova\Nova.Wpf\Nova.Wpf.csproj", "{EB62D56D-3382-428D-AD5C-53757DA7648C}"
EndProject
Project("{FAE04EC0-301F-11D3-BF4B-00C04F79EFBC}") = "Nova.Wpf.Purgatory", "Nova\Nova.Wpf.Purgatory\Nova.Wpf.Purgatory.csproj", "{782B8331-D250-4DD2-845C-647B2FCA1D00}"
EndProject
Project("{FAE04EC0-301F-11D3-BF4B-00C04F79EFBC}") = "Nova.Sql", "Nova\Nova.Sql\Nova.Sql.csproj", "{2AEC7C5E-C8DE-4320-B913-9EE3432D747C}"
EndProject
Project("{FAE04EC0-301F-11D3-BF4B-00C04F79EFBC}") = "Nova.Std.Sql", "Nova\Nova.Std.Sql\Nova.Std.Sql.csproj", "{CFE5A377-FA4E-4AD0-AE48-7A930E8B73AA}"
EndProject
Project("{FAE04EC0-301F-11D3-BF4B-00C04F79EFBC}") = "Nova.Web", "Nova\Nova.Web\Nova.Web.csproj", "{8CCD7DE8-94B0-4EF4-AA8E-750577840B7D}"
EndProject
Project("{2150E333-8FDC-42A3-9474-1A3956D46DE8}") = "ThirdParty", "ThirdParty", "{942C74B4-F84B-4682-95BB-F264C7E99C1B}"
EndProject
Project("{FAE04EC0-301F-11D3-BF4B-00C04F79EFBC}") = "InputSimulator", "ThirdParty\InputSimulator\InputSimulator.csproj", "{3549CD6F-80F8-450F-B99E-CF0A736B1F2A}"
EndProject
Project("{FAE04EC0-301F-11D3-BF4B-00C04F79EFBC}") = "Nova.DynamicProxy", "Nova\Nova.DynamicProxy\Nova.DynamicProxy.csproj", "{FCFC7ECB-9783-4FD8-9901-C136BEBAA9DB}"
EndProject
Global
	GlobalSection(SolutionConfigurationPlatforms) = preSolution
		Debug|Any CPU = Debug|Any CPU
		Release|Any CPU = Release|Any CPU
	EndGlobalSection
	GlobalSection(ProjectConfigurationPlatforms) = postSolution
		{84FC4912-7AA4-410E-9C4D-BB067CF21BB5}.Debug|Any CPU.ActiveCfg = Debug|Any CPU
		{84FC4912-7AA4-410E-9C4D-BB067CF21BB5}.Debug|Any CPU.Build.0 = Debug|Any CPU
		{84FC4912-7AA4-410E-9C4D-BB067CF21BB5}.Release|Any CPU.ActiveCfg = Release|Any CPU
		{84FC4912-7AA4-410E-9C4D-BB067CF21BB5}.Release|Any CPU.Build.0 = Release|Any CPU
		{81330770-945D-43A4-B4F7-FBB5C04EA584}.Debug|Any CPU.ActiveCfg = Debug|Any CPU
		{81330770-945D-43A4-B4F7-FBB5C04EA584}.Debug|Any CPU.Build.0 = Debug|Any CPU
		{81330770-945D-43A4-B4F7-FBB5C04EA584}.Release|Any CPU.ActiveCfg = Release|Any CPU
		{81330770-945D-43A4-B4F7-FBB5C04EA584}.Release|Any CPU.Build.0 = Release|Any CPU
		{92AC1A4D-178C-4F84-98BF-B3BEAF565B1B}.Debug|Any CPU.ActiveCfg = Debug|Any CPU
		{92AC1A4D-178C-4F84-98BF-B3BEAF565B1B}.Debug|Any CPU.Build.0 = Debug|Any CPU
		{92AC1A4D-178C-4F84-98BF-B3BEAF565B1B}.Release|Any CPU.ActiveCfg = Release|Any CPU
		{92AC1A4D-178C-4F84-98BF-B3BEAF565B1B}.Release|Any CPU.Build.0 = Release|Any CPU
		{B770EEF2-0992-498C-82C4-38981580CDC0}.Debug|Any CPU.ActiveCfg = Debug|Any CPU
		{B770EEF2-0992-498C-82C4-38981580CDC0}.Debug|Any CPU.Build.0 = Debug|Any CPU
		{B770EEF2-0992-498C-82C4-38981580CDC0}.Release|Any CPU.ActiveCfg = Release|Any CPU
		{B770EEF2-0992-498C-82C4-38981580CDC0}.Release|Any CPU.Build.0 = Release|Any CPU
		{5619C87B-EB3D-437D-AB7C-FFDCE104315A}.Debug|Any CPU.ActiveCfg = Debug|Any CPU
		{5619C87B-EB3D-437D-AB7C-FFDCE104315A}.Debug|Any CPU.Build.0 = Debug|Any CPU
		{5619C87B-EB3D-437D-AB7C-FFDCE104315A}.Release|Any CPU.ActiveCfg = Release|Any CPU
		{5619C87B-EB3D-437D-AB7C-FFDCE104315A}.Release|Any CPU.Build.0 = Release|Any CPU
		{EB62D56D-3382-428D-AD5C-53757DA7648C}.Debug|Any CPU.ActiveCfg = Debug|Any CPU
		{EB62D56D-3382-428D-AD5C-53757DA7648C}.Debug|Any CPU.Build.0 = Debug|Any CPU
		{EB62D56D-3382-428D-AD5C-53757DA7648C}.Release|Any CPU.ActiveCfg = Release|Any CPU
		{EB62D56D-3382-428D-AD5C-53757DA7648C}.Release|Any CPU.Build.0 = Release|Any CPU
		{782B8331-D250-4DD2-845C-647B2FCA1D00}.Debug|Any CPU.ActiveCfg = Debug|Any CPU
		{782B8331-D250-4DD2-845C-647B2FCA1D00}.Debug|Any CPU.Build.0 = Debug|Any CPU
		{782B8331-D250-4DD2-845C-647B2FCA1D00}.Release|Any CPU.ActiveCfg = Release|Any CPU
		{782B8331-D250-4DD2-845C-647B2FCA1D00}.Release|Any CPU.Build.0 = Release|Any CPU
		{2AEC7C5E-C8DE-4320-B913-9EE3432D747C}.Debug|Any CPU.ActiveCfg = Debug|Any CPU
		{2AEC7C5E-C8DE-4320-B913-9EE3432D747C}.Debug|Any CPU.Build.0 = Debug|Any CPU
		{2AEC7C5E-C8DE-4320-B913-9EE3432D747C}.Release|Any CPU.ActiveCfg = Release|Any CPU
		{2AEC7C5E-C8DE-4320-B913-9EE3432D747C}.Release|Any CPU.Build.0 = Release|Any CPU
		{CFE5A377-FA4E-4AD0-AE48-7A930E8B73AA}.Debug|Any CPU.ActiveCfg = Debug|Any CPU
		{CFE5A377-FA4E-4AD0-AE48-7A930E8B73AA}.Debug|Any CPU.Build.0 = Debug|Any CPU
		{CFE5A377-FA4E-4AD0-AE48-7A930E8B73AA}.Release|Any CPU.ActiveCfg = Release|Any CPU
		{CFE5A377-FA4E-4AD0-AE48-7A930E8B73AA}.Release|Any CPU.Build.0 = Release|Any CPU
		{8CCD7DE8-94B0-4EF4-AA8E-750577840B7D}.Debug|Any CPU.ActiveCfg = Debug|Any CPU
		{8CCD7DE8-94B0-4EF4-AA8E-750577840B7D}.Debug|Any CPU.Build.0 = Debug|Any CPU
		{8CCD7DE8-94B0-4EF4-AA8E-750577840B7D}.Release|Any CPU.ActiveCfg = Release|Any CPU
		{8CCD7DE8-94B0-4EF4-AA8E-750577840B7D}.Release|Any CPU.Build.0 = Release|Any CPU
		{3549CD6F-80F8-450F-B99E-CF0A736B1F2A}.Debug|Any CPU.ActiveCfg = Debug|Any CPU
		{3549CD6F-80F8-450F-B99E-CF0A736B1F2A}.Debug|Any CPU.Build.0 = Debug|Any CPU
		{3549CD6F-80F8-450F-B99E-CF0A736B1F2A}.Release|Any CPU.ActiveCfg = Release|Any CPU
		{3549CD6F-80F8-450F-B99E-CF0A736B1F2A}.Release|Any CPU.Build.0 = Release|Any CPU
		{FCFC7ECB-9783-4FD8-9901-C136BEBAA9DB}.Debug|Any CPU.ActiveCfg = Debug|Any CPU
		{FCFC7ECB-9783-4FD8-9901-C136BEBAA9DB}.Debug|Any CPU.Build.0 = Debug|Any CPU
		{FCFC7ECB-9783-4FD8-9901-C136BEBAA9DB}.Release|Any CPU.ActiveCfg = Release|Any CPU
		{FCFC7ECB-9783-4FD8-9901-C136BEBAA9DB}.Release|Any CPU.Build.0 = Release|Any CPU
	EndGlobalSection
	GlobalSection(NestedProjects) = preSolution
		{84FC4912-7AA4-410E-9C4D-BB067CF21BB5} = {E4E11952-A5BD-4F61-9E4E-FCF93C160D9A}
		{81330770-945D-43A4-B4F7-FBB5C04EA584} = {6C7E3306-BC2D-4A06-9E69-B41D6FB2E431}
		{92AC1A4D-178C-4F84-98BF-B3BEAF565B1B} = {6C7E3306-BC2D-4A06-9E69-B41D6FB2E431}
		{B770EEF2-0992-498C-82C4-38981580CDC0} = {6C7E3306-BC2D-4A06-9E69-B41D6FB2E431}
		{5619C87B-EB3D-437D-AB7C-FFDCE104315A} = {6C7E3306-BC2D-4A06-9E69-B41D6FB2E431}
		{EB62D56D-3382-428D-AD5C-53757DA7648C} = {6C7E3306-BC2D-4A06-9E69-B41D6FB2E431}
		{782B8331-D250-4DD2-845C-647B2FCA1D00} = {6C7E3306-BC2D-4A06-9E69-B41D6FB2E431}
		{2AEC7C5E-C8DE-4320-B913-9EE3432D747C} = {6C7E3306-BC2D-4A06-9E69-B41D6FB2E431}
		{CFE5A377-FA4E-4AD0-AE48-7A930E8B73AA} = {6C7E3306-BC2D-4A06-9E69-B41D6FB2E431}
		{8CCD7DE8-94B0-4EF4-AA8E-750577840B7D} = {6C7E3306-BC2D-4A06-9E69-B41D6FB2E431}
		{3549CD6F-80F8-450F-B99E-CF0A736B1F2A} = {942C74B4-F84B-4682-95BB-F264C7E99C1B}
		{FCFC7ECB-9783-4FD8-9901-C136BEBAA9DB} = {6C7E3306-BC2D-4A06-9E69-B41D6FB2E431}
	EndGlobalSection
EndGlobal
